{
  "name": "security-admin",
  "version": "2.0.0",
  "lockfileVersion": 2,
  "requires": true,
  "packages": {
    "": {
      "name": "security-admin",
      "version": "2.0.0",
      "devDependencies": {
        "requirejs": "^2.3.7"
      }
    },
    "node_modules/requirejs": {
      "version": "2.3.7",
      "resolved": "https://registry.npmjs.org/requirejs/-/requirejs-2.3.7.tgz",
      "integrity": "sha512-DouTG8T1WanGok6Qjg2SXuCMzszOo0eHeH9hDZ5Y4x8Je+9JB38HdTLT4/VA8OaUhBa0JPVHJ0pyBkM1z+pDsw==",
      "dev": true,
      "bin": {
        "r_js": "bin/r.js",
        "r.js": "bin/r.js"
      },
      "engines": {
        "node": ">=0.4.0"
      }
    }
  },
  "dependencies": {
    "requirejs": {
      "version": "2.3.7",
      "resolved": "https://registry.npmjs.org/requirejs/-/requirejs-2.3.7.tgz",
      "integrity": "sha512-DouTG8T1WanGok6Qjg2SXuCMzszOo0eHeH9hDZ5Y4x8Je+9JB38HdTLT4/VA8OaUhBa0JPVHJ0pyBkM1z+pDsw==",
      "dev": true
    }
  }
}
